Microsoft Visual Studio Solution File, Format Version 12.00
# Visual Studio Version 17
VisualStudioVersion = 17.5.2.0
MinimumVisualStudioVersion = 10.0.40219.1
Project("{FAE04EC0-301F-11D3-BF4B-00C04F79EFBC}") = "TransportRouteApi", "TransportRouteApi.csproj", "{F14793A0-7BAF-E256-7B8A-DE3C5A20323C}"
EndProject
Global
	GlobalSection(SolutionConfigurationPlatforms) = preSolution
		Debug|Any CPU = Debug|Any CPU
		Release|Any CPU = Release|Any CPU
	EndGlobalSection
	GlobalSection(ProjectConfigurationPlatforms) = postSolution
		{F14793A0-7BAF-E256-7B8A-DE3C5A20323C}.Debug|Any CPU.ActiveCfg = Debug|Any CPU
		{F14793A0-7BAF-E256-7B8A-DE3C5A20323C}.Debug|Any CPU.Build.0 = Debug|Any CPU
		{F14793A0-7BAF-E256-7B8A-DE3C5A20323C}.Release|Any CPU.ActiveCfg = Release|Any CPU
		{F14793A0-7BAF-E256-7B8A-DE3C5A20323C}.Release|Any CPU.Build.0 = Release|Any CPU
	EndGlobalSection
	GlobalSection(SolutionProperties) = preSolution
		HideSolutionNode = FALSE
	EndGlobalSection
	GlobalSection(ExtensibilityGlobals) = postSolution
		SolutionGuid = {5FD1F8D4-D71D-43F3-9070-B42D0147505B}
	EndGlobalSection
EndGlobal
